
Microsoft Visual Studio Solution File, Format Version 12.00
# Visual Studio Version 17
VisualStudioVersion = 17.5.33502.453
MinimumVisualStudioVersion = 10.0.40219.1
Project("{FAE04EC0-301F-11D3-BF4B-00C04F79EFBC}") = "Backend", "Backend.csproj", "{DB44AF3C-0440-41F9-B52D-BC8E205626EE}"
EndProject
Project("{FAE04EC0-301F-11D3-BF4B-00C04F79EFBC}") = "BLL", "..\BLL\BLL.csproj", "{7B30A6D8-2CF3-4E75-BD03-F83B0EC64B7E}"
EndProject
Project("{FAE04EC0-301F-11D3-BF4B-00C04F79EFBC}") = "DAL", "..\DAL\DAL.csproj", "{62634B3F-C326-4BCB-B21E-85038E527C5E}"
EndProject
Global
	GlobalSection(SolutionConfigurationPlatforms) = preSolution
		Debug|Any CPU = Debug|Any CPU
		Release|Any CPU = Release|Any CPU
	EndGlobalSection
	GlobalSection(ProjectConfigurationPlatforms) = postSolution
		{DB44AF3C-0440-41F9-B52D-BC8E205626EE}.Debug|Any CPU.ActiveCfg = Debug|Any CPU
		{DB44AF3C-0440-41F9-B52D-BC8E205626EE}.Debug|Any CPU.Build.0 = Debug|Any CPU
		{DB44AF3C-0440-41F9-B52D-BC8E205626EE}.Release|Any CPU.ActiveCfg = Release|Any CPU
		{DB44AF3C-0440-41F9-B52D-BC8E205626EE}.Release|Any CPU.Build.0 = Release|Any CPU
		{7B30A6D8-2CF3-4E75-BD03-F83B0EC64B7E}.Debug|Any CPU.ActiveCfg = Debug|Any CPU
		{7B30A6D8-2CF3-4E75-BD03-F83B0EC64B7E}.Debug|Any CPU.Build.0 = Debug|Any CPU
		{7B30A6D8-2CF3-4E75-BD03-F83B0EC64B7E}.Release|Any CPU.ActiveCfg = Release|Any CPU
		{7B30A6D8-2CF3-4E75-BD03-F83B0EC64B7E}.Release|Any CPU.Build.0 = Release|Any CPU
		{62634B3F-C326-4BCB-B21E-85038E527C5E}.Debug|Any CPU.ActiveCfg = Debug|Any CPU
		{62634B3F-C326-4BCB-B21E-85038E527C5E}.Debug|Any CPU.Build.0 = Debug|Any CPU
		{62634B3F-C326-4BCB-B21E-85038E527C5E}.Release|Any CPU.ActiveCfg = Release|Any CPU
		{62634B3F-C326-4BCB-B21E-85038E527C5E}.Release|Any CPU.Build.0 = Release|Any CPU
	EndGlobalSection
	GlobalSection(SolutionProperties) = preSolution
		HideSolutionNode = FALSE
	EndGlobalSection
	GlobalSection(ExtensibilityGlobals) = postSolution
		SolutionGuid = {61C46DF0-814D-4850-A4DD-EB6B0C4591F1}
	EndGlobalSection
EndGlobal
